
Microsoft Visual Studio Solution File, Format Version 12.00
# Visual Studio 14
VisualStudioVersion = 14.0.23107.0
MinimumVisualStudioVersion = 10.0.40219.1
Project("{FAE04EC0-301F-11D3-BF4B-00C04F79EFBC}") = "FizzBuzz", "FizzBuzz\FizzBuzz.csproj", "{5B6B2031-7878-4D1A-BC11-EC9BC7E64021}"
EndProject
Project("{FAE04EC0-301F-11D3-BF4B-00C04F79EFBC}") = "AdventOfCode1", "AdventOfCode1\AdventOfCode1.csproj", "{CA5267AF-9A89-4B17-AE91-CC48EBF42682}"
EndProject
Global
	GlobalSection(SolutionConfigurationPlatforms) = preSolution
		Debug|Any CPU = Debug|Any CPU
		Release|Any CPU = Release|Any CPU
	EndGlobalSection
	GlobalSection(ProjectConfigurationPlatforms) = postSolution
		{5B6B2031-7878-4D1A-BC11-EC9BC7E64021}.Debug|Any CPU.ActiveCfg = Debug|Any CPU
		{5B6B2031-7878-4D1A-BC11-EC9BC7E64021}.Debug|Any CPU.Build.0 = Debug|Any CPU
		{5B6B2031-7878-4D1A-BC11-EC9BC7E64021}.Release|Any CPU.ActiveCfg = Release|Any CPU
		{5B6B2031-7878-4D1A-BC11-EC9BC7E64021}.Release|Any CPU.Build.0 = Release|Any CPU
		{CA5267AF-9A89-4B17-AE91-CC48EBF42682}.Debug|Any CPU.ActiveCfg = Debug|Any CPU
		{CA5267AF-9A89-4B17-AE91-CC48EBF42682}.Debug|Any CPU.Build.0 = Debug|Any CPU
		{CA5267AF-9A89-4B17-AE91-CC48EBF42682}.Release|Any CPU.ActiveCfg = Release|Any CPU
		{CA5267AF-9A89-4B17-AE91-CC48EBF42682}.Release|Any CPU.Build.0 = Release|Any CPU
	EndGlobalSection
	GlobalSection(SolutionProperties) = preSolution
		HideSolutionNode = FALSE
	EndGlobalSection
EndGlobal
